
Microsoft Visual Studio Solution File, Format Version 12.00
# Visual Studio 2012
Project("{FAE04EC0-301F-11D3-BF4B-00C04F79EFBC}") = "pavement roughness quick measuring", "pavement roughness quick measuring\pavement roughness quick measuring.csproj", "{46E4CAFF-EA59-412A-9907-69AFF43C75ED}"
EndProject
Global
	GlobalSection(SolutionConfigurationPlatforms) = preSolution
		Debug|Any CPU = Debug|Any CPU
		Release|Any CPU = Release|Any CPU
	EndGlobalSection
	GlobalSection(ProjectConfigurationPlatforms) = postSolution
		{46E4CAFF-EA59-412A-9907-69AFF43C75ED}.Debug|Any CPU.ActiveCfg = Debug|Any CPU
		{46E4CAFF-EA59-412A-9907-69AFF43C75ED}.Debug|Any CPU.Build.0 = Debug|Any CPU
		{46E4CAFF-EA59-412A-9907-69AFF43C75ED}.Release|Any CPU.ActiveCfg = Release|Any CPU
		{46E4CAFF-EA59-412A-9907-69AFF43C75ED}.Release|Any CPU.Build.0 = Release|Any CPU
	EndGlobalSection
	GlobalSection(SolutionProperties) = preSolution
		HideSolutionNode = FALSE
	EndGlobalSection
EndGlobal
